// !$*UTF8*$!
{
	archiveVersion = 1;
	classes = {
	};
	objectVersion = 50;
	objects = {

/* Begin PBXBuildFile section */
		321AE12D257B1AFE0008D900 /* Fetch.swift in Sources */ = {isa = PBXBuildFile; fileRef = 321AE12C257B1AFE0008D900 /* Fetch.swift */; };
		321AE172257CEB480008D900 /* NewProjectActivity.swift in Sources */ = {isa = PBXBuildFile; fileRef = 321AE171257CEB480008D900 /* NewProjectActivity.swift */; };
		321AE175257CEBAE0008D900 /* MilestoneActivity.swift in Sources */ = {isa = PBXBuildFile; fileRef = 321AE174257CEBAE0008D900 /* MilestoneActivity.swift */; };
		321AE179257CEC270008D900 /* ProgressUpdateActivity.swift in Sources */ = {isa = PBXBuildFile; fileRef = 321AE178257CEC270008D900 /* ProgressUpdateActivity.swift */; };
		321AE17C257CEC490008D900 /* LastChanceActivity.swift in Sources */ = {isa = PBXBuildFile; fileRef = 321AE17B257CEC490008D900 /* LastChanceActivity.swift */; };
		321AE181257CEE830008D900 /* PledgeForm.swift in Sources */ = {isa = PBXBuildFile; fileRef = 321AE180257CEE830008D900 /* PledgeForm.swift */; };
		321AE19F2580D5BA0008D900 /* AcitvityCardModifier.swift in Sources */ = {isa = PBXBuildFile; fileRef = 321AE19E2580D5BA0008D900 /* AcitvityCardModifier.swift */; };
		321AE1A325818CC90008D900 /* ButtonModifier.swift in Sources */ = {isa = PBXBuildFile; fileRef = 321AE1A225818CC90008D900 /* ButtonModifier.swift */; };
		325EC3DB250AE9A600D86FA6 /* NewProjectView.swift in Sources */ = {isa = PBXBuildFile; fileRef = 325EC3DA250AE9A600D86FA6 /* NewProjectView.swift */; };
		325EC3DE250DAAB600D86FA6 /* ShadowsIntoLight.ttf in Resources */ = {isa = PBXBuildFile; fileRef = 325EC3DD250DAAB600D86FA6 /* ShadowsIntoLight.ttf */; };
		325EC3E0250F7B0D00D86FA6 /* AuthenticatedView.swift in Sources */ = {isa = PBXBuildFile; fileRef = 325EC3DF250F7B0D00D86FA6 /* AuthenticatedView.swift */; };
		325EC3E2250F7E9A00D86FA6 /* LogIn.swift in Sources */ = {isa = PBXBuildFile; fileRef = 325EC3E1250F7E9A00D86FA6 /* LogIn.swift */; };
		325EC3E4251030B400D86FA6 /* EnvironmentObjects.swift in Sources */ = {isa = PBXBuildFile; fileRef = 325EC3E3251030B400D86FA6 /* EnvironmentObjects.swift */; };
		325EC3E62510E02100D86FA6 /* Ubuntu-Light.ttf in Resources */ = {isa = PBXBuildFile; fileRef = 325EC3E52510E02100D86FA6 /* Ubuntu-Light.ttf */; };
		325EC3E82510E32F00D86FA6 /* LoadingView.swift in Sources */ = {isa = PBXBuildFile; fileRef = 325EC3E72510E32F00D86FA6 /* LoadingView.swift */; };
		325EC3EA2510E3C700D86FA6 /* PreviewNewsFeed.swift in Sources */ = {isa = PBXBuildFile; fileRef = 325EC3E92510E3C700D86FA6 /* PreviewNewsFeed.swift */; };
		3295277525066BEC002D7A1A /* AppDelegate.swift in Sources */ = {isa = PBXBuildFile; fileRef = 3295277425066BEC002D7A1A /* AppDelegate.swift */; };
		3295277725066BEC002D7A1A /* SceneDelegate.swift in Sources */ = {isa = PBXBuildFile; fileRef = 3295277625066BEC002D7A1A /* SceneDelegate.swift */; };
		3295277925066BEC002D7A1A /* ContentView.swift in Sources */ = {isa = PBXBuildFile; fileRef = 3295277825066BEC002D7A1A /* ContentView.swift */; };
		3295277B25066BF2002D7A1A /* Assets.xcassets in Resources */ = {isa = PBXBuildFile; fileRef = 3295277A25066BF2002D7A1A /* Assets.xcassets */; };
		3295277E25066BF2002D7A1A /* Preview Assets.xcassets in Resources */ = {isa = PBXBuildFile; fileRef = 3295277D25066BF2002D7A1A /* Preview Assets.xcassets */; };
		3295278125066BF2002D7A1A /* LaunchScreen.storyboard in Resources */ = {isa = PBXBuildFile; fileRef = 3295277F25066BF2002D7A1A /* LaunchScreen.storyboard */; };
		3295278B2507964D002D7A1A /* CodableModels.swift in Sources */ = {isa = PBXBuildFile; fileRef = 3295278A2507964D002D7A1A /* CodableModels.swift */; };
		3295278D2507B083002D7A1A /* ImageLoader.swift in Sources */ = {isa = PBXBuildFile; fileRef = 3295278C2507B083002D7A1A /* ImageLoader.swift */; };
		3295278F2507B37C002D7A1A /* ActivityView.swift in Sources */ = {isa = PBXBuildFile; fileRef = 3295278E2507B37C002D7A1A /* ActivityView.swift */; };
		329527912508456B002D7A1A /* ActivityCard.swift in Sources */ = {isa = PBXBuildFile; fileRef = 329527902508456A002D7A1A /* ActivityCard.swift */; };
		32ACEAB825849EE20076AB6E /* AccountContainerView.swift in Sources */ = {isa = PBXBuildFile; fileRef = 32ACEAB725849EE20076AB6E /* AccountContainerView.swift */; };
		32ACEABC2585A6730076AB6E /* ProfileView.swift in Sources */ = {isa = PBXBuildFile; fileRef = 32ACEABB2585A6730076AB6E /* ProfileView.swift */; };
		32ACEAC02586F3790076AB6E /* MyProjectsView.swift in Sources */ = {isa = PBXBuildFile; fileRef = 32ACEABF2586F3790076AB6E /* MyProjectsView.swift */; };
		32ACEAC32586F4C00076AB6E /* ProjectCard.swift in Sources */ = {isa = PBXBuildFile; fileRef = 32ACEAC22586F4C00076AB6E /* ProjectCard.swift */; };
		32ACEAC7258ACEB00076AB6E /* BrowseCategories.swift in Sources */ = {isa = PBXBuildFile; fileRef = 32ACEAC6258ACEB00076AB6E /* BrowseCategories.swift */; };
		32ACEACA258C14D70076AB6E /* CategoryProjectCard.swift in Sources */ = {isa = PBXBuildFile; fileRef = 32ACEAC9258C14D70076AB6E /* CategoryProjectCard.swift */; };
		32F0714C2557CD4600B4E913 /* ProjectDetail.swift in Sources */ = {isa = PBXBuildFile; fileRef = 32F0714B2557CD4600B4E913 /* ProjectDetail.swift */; };
		32F0714F255F47D400B4E913 /* project-detail.json in Resources */ = {isa = PBXBuildFile; fileRef = 32F0714E255F47D400B4E913 /* project-detail.json */; };
		32F071522560AD0300B4E913 /* DetailHeader.swift in Sources */ = {isa = PBXBuildFile; fileRef = 32F071512560AD0300B4E913 /* DetailHeader.swift */; };
		32F071552560AD2200B4E913 /* DetailAnalytics.swift in Sources */ = {isa = PBXBuildFile; fileRef = 32F071542560AD2200B4E913 /* DetailAnalytics.swift */; };
		32F071582560B56600B4E913 /* FirstDetailCard.swift in Sources */ = {isa = PBXBuildFile; fileRef = 32F071572560B56600B4E913 /* FirstDetailCard.swift */; };
		32F0715B2560B57600B4E913 /* DetailCard.swift in Sources */ = {isa = PBXBuildFile; fileRef = 32F0715A2560B57600B4E913 /* DetailCard.swift */; };
		32F0715F2560BF0A00B4E913 /* PledgeCard.swift in Sources */ = {isa = PBXBuildFile; fileRef = 32F0715E2560BF0A00B4E913 /* PledgeCard.swift */; };
		32F071642561EF6100B4E913 /* SignUpForm.swift in Sources */ = {isa = PBXBuildFile; fileRef = 32F071632561EF6000B4E913 /* SignUpForm.swift */; };
		32F0716A256BA4E700B4E913 /* NewProjectForm.swift in Sources */ = {isa = PBXBuildFile; fileRef = 32F07169256BA4E600B4E913 /* NewProjectForm.swift */; };
		32F0716D2570637800B4E913 /* Extensions.swift in Sources */ = {isa = PBXBuildFile; fileRef = 32F0716C2570637800B4E913 /* Extensions.swift */; };
		32F071762573413400B4E913 /* Grandstander-Bold.ttf in Resources */ = {isa = PBXBuildFile; fileRef = 32F071752573413300B4E913 /* Grandstander-Bold.ttf */; };
		32F34E7825747B4100F6CECE /* Ubuntu-Bold.ttf in Resources */ = {isa = PBXBuildFile; fileRef = 32F34E7725747B4100F6CECE /* Ubuntu-Bold.ttf */; };
/* End PBXBuildFile section */

/* Begin PBXFileReference section */
		321AE12C257B1AFE0008D900 /* Fetch.swift */ = {isa = PBXFileReference; lastKnownFileType = sourcecode.swift; path = Fetch.swift; sourceTree = "<group>"; };
		321AE171257CEB480008D900 /* NewProjectActivity.swift */ = {isa = PBXFileReference; lastKnownFileType = sourcecode.swift; name = NewProjectActivity.swift; path = crelo/NewProjectActivity.swift; sourceTree = SOURCE_ROOT; };
		321AE174257CEBAE0008D900 /* MilestoneActivity.swift */ = {isa = PBXFileReference; lastKnownFileType = sourcecode.swift; path = MilestoneActivity.swift; sourceTree = "<group>"; };
		321AE178257CEC270008D900 /* ProgressUpdateActivity.swift */ = {isa = PBXFileReference; lastKnownFileType = sourcecode.swift; path = ProgressUpdateActivity.swift; sourceTree = "<group>"; };
		321AE17B257CEC490008D900 /* LastChanceActivity.swift */ = {isa = PBXFileReference; lastKnownFileType = sourcecode.swift; path = LastChanceActivity.swift; sourceTree = "<group>"; };
		321AE180257CEE830008D900 /* PledgeForm.swift */ = {isa = PBXFileReference; lastKnownFileType = sourcecode.swift; path = PledgeForm.swift; sourceTree = "<group>"; };
		321AE19E2580D5BA0008D900 /* AcitvityCardModifier.swift */ = {isa = PBXFileReference; lastKnownFileType = sourcecode.swift; path = AcitvityCardModifier.swift; sourceTree = "<group>"; };
		321AE1A225818CC90008D900 /* ButtonModifier.swift */ = {isa = PBXFileReference; lastKnownFileType = sourcecode.swift; path = ButtonModifier.swift; sourceTree = "<group>"; };
		325EC3DA250AE9A600D86FA6 /* NewProjectView.swift */ = {isa = PBXFileReference; lastKnownFileType = sourcecode.swift; path = NewProjectView.swift; sourceTree = "<group>"; };
		325EC3DD250DAAB600D86FA6 /* ShadowsIntoLight.ttf */ = {isa = PBXFileReference; lastKnownFileType = file; path = ShadowsIntoLight.ttf; sourceTree = "<group>"; };
		325EC3DF250F7B0D00D86FA6 /* AuthenticatedView.swift */ = {isa = PBXFileReference; lastKnownFileType = sourcecode.swift; path = AuthenticatedView.swift; sourceTree = "<group>"; };
		325EC3E1250F7E9A00D86FA6 /* LogIn.swift */ = {isa = PBXFileReference; lastKnownFileType = sourcecode.swift; path = LogIn.swift; sourceTree = "<group>"; };
		325EC3E3251030B400D86FA6 /* EnvironmentObjects.swift */ = {isa = PBXFileReference; lastKnownFileType = sourcecode.swift; path = EnvironmentObjects.swift; sourceTree = "<group>"; };
		325EC3E52510E02100D86FA6 /* Ubuntu-Light.ttf */ = {isa = PBXFileReference; lastKnownFileType = file; path = "Ubuntu-Light.ttf"; sourceTree = "<group>"; };
		325EC3E72510E32F00D86FA6 /* LoadingView.swift */ = {isa = PBXFileReference; lastKnownFileType = sourcecode.swift; path = LoadingView.swift; sourceTree = "<group>"; };
		325EC3E92510E3C700D86FA6 /* PreviewNewsFeed.swift */ = {isa = PBXFileReference; lastKnownFileType = sourcecode.swift; path = PreviewNewsFeed.swift; sourceTree = "<group>"; };
		3295277125066BEC002D7A1A /* crelo.app */ = {isa = PBXFileReference; explicitFileType = wrapper.application; includeInIndex = 0; path = crelo.app; sourceTree = BUILT_PRODUCTS_DIR; };
		3295277425066BEC002D7A1A /* AppDelegate.swift */ = {isa = PBXFileReference; lastKnownFileType = sourcecode.swift; path = AppDelegate.swift; sourceTree = "<group>"; };
		3295277625066BEC002D7A1A /* SceneDelegate.swift */ = {isa = PBXFileReference; lastKnownFileType = sourcecode.swift; path = SceneDelegate.swift; sourceTree = "<group>"; };
		3295277825066BEC002D7A1A /* ContentView.swift */ = {isa = PBXFileReference; lastKnownFileType = sourcecode.swift; path = ContentView.swift; sourceTree = "<group>"; };
		3295277A25066BF2002D7A1A /* Assets.xcassets */ = {isa = PBXFileReference; lastKnownFileType = folder.assetcatalog; path = Assets.xcassets; sourceTree = "<group>"; };
		3295277D25066BF2002D7A1A /* Preview Assets.xcassets */ = {isa = PBXFileReference; lastKnownFileType = folder.assetcatalog; path = "Preview Assets.xcassets"; sourceTree = "<group>"; };
		3295278025066BF2002D7A1A /* Base */ = {isa = PBXFileReference; lastKnownFileType = file.storyboard; name = Base; path = Base.lproj/LaunchScreen.storyboard; sourceTree = "<group>"; };
		3295278225066BF2002D7A1A /* Info.plist */ = {isa = PBXFileReference; lastKnownFileType = text.plist.xml; path = Info.plist; sourceTree = "<group>"; };
		3295278A2507964D002D7A1A /* CodableModels.swift */ = {isa = PBXFileReference; lastKnownFileType = sourcecode.swift; path = CodableModels.swift; sourceTree = "<group>"; };
		3295278C2507B083002D7A1A /* ImageLoader.swift */ = {isa = PBXFileReference; lastKnownFileType = sourcecode.swift; path = ImageLoader.swift; sourceTree = "<group>"; };
		3295278E2507B37C002D7A1A /* ActivityView.swift */ = {isa = PBXFileReference; lastKnownFileType = sourcecode.swift; path = ActivityView.swift; sourceTree = "<group>"; };
		329527902508456A002D7A1A /* ActivityCard.swift */ = {isa = PBXFileReference; lastKnownFileType = sourcecode.swift; path = ActivityCard.swift; sourceTree = "<group>"; };
		32ACEAB725849EE20076AB6E /* AccountContainerView.swift */ = {isa = PBXFileReference; lastKnownFileType = sourcecode.swift; path = AccountContainerView.swift; sourceTree = "<group>"; };
		32ACEABB2585A6730076AB6E /* ProfileView.swift */ = {isa = PBXFileReference; lastKnownFileType = sourcecode.swift; path = ProfileView.swift; sourceTree = "<group>"; };
		32ACEABF2586F3790076AB6E /* MyProjectsView.swift */ = {isa = PBXFileReference; lastKnownFileType = sourcecode.swift; path = MyProjectsView.swift; sourceTree = "<group>"; };
		32ACEAC22586F4C00076AB6E /* ProjectCard.swift */ = {isa = PBXFileReference; lastKnownFileType = sourcecode.swift; path = ProjectCard.swift; sourceTree = "<group>"; };
		32ACEAC6258ACEB00076AB6E /* BrowseCategories.swift */ = {isa = PBXFileReference; lastKnownFileType = sourcecode.swift; path = BrowseCategories.swift; sourceTree = "<group>"; };
		32ACEAC9258C14D70076AB6E /* CategoryProjectCard.swift */ = {isa = PBXFileReference; lastKnownFileType = sourcecode.swift; path = CategoryProjectCard.swift; sourceTree = "<group>"; };
		32F0714B2557CD4600B4E913 /* ProjectDetail.swift */ = {isa = PBXFileReference; lastKnownFileType = sourcecode.swift; path = ProjectDetail.swift; sourceTree = "<group>"; };
		32F0714E255F47D400B4E913 /* project-detail.json */ = {isa = PBXFileReference; fileEncoding = 4; lastKnownFileType = text.json; path = "project-detail.json"; sourceTree = "<group>"; };
		32F071512560AD0300B4E913 /* DetailHeader.swift */ = {isa = PBXFileReference; lastKnownFileType = sourcecode.swift; path = DetailHeader.swift; sourceTree = "<group>"; };
		32F071542560AD2200B4E913 /* DetailAnalytics.swift */ = {isa = PBXFileReference; lastKnownFileType = sourcecode.swift; path = DetailAnalytics.swift; sourceTree = "<group>"; };
		32F071572560B56600B4E913 /* FirstDetailCard.swift */ = {isa = PBXFileReference; lastKnownFileType = sourcecode.swift; path = FirstDetailCard.swift; sourceTree = "<group>"; };
		32F0715A2560B57600B4E913 /* DetailCard.swift */ = {isa = PBXFileReference; lastKnownFileType = sourcecode.swift; path = DetailCard.swift; sourceTree = "<group>"; };
		32F0715E2560BF0A00B4E913 /* PledgeCard.swift */ = {isa = PBXFileReference; lastKnownFileType = sourcecode.swift; path = PledgeCard.swift; sourceTree = "<group>"; };
		32F071632561EF6000B4E913 /* SignUpForm.swift */ = {isa = PBXFileReference; lastKnownFileType = sourcecode.swift; path = SignUpForm.swift; sourceTree = "<group>"; };
		32F07169256BA4E600B4E913 /* NewProjectForm.swift */ = {isa = PBXFileReference; lastKnownFileType = sourcecode.swift; path = NewProjectForm.swift; sourceTree = "<group>"; };
		32F0716C2570637800B4E913 /* Extensions.swift */ = {isa = PBXFileReference; lastKnownFileType = sourcecode.swift; path = Extensions.swift; sourceTree = "<group>"; };
		32F071752573413300B4E913 /* Grandstander-Bold.ttf */ = {isa = PBXFileReference; lastKnownFileType = file; path = "Grandstander-Bold.ttf"; sourceTree = "<group>"; };
		32F34E7725747B4100F6CECE /* Ubuntu-Bold.ttf */ = {isa = PBXFileReference; lastKnownFileType = file; path = "Ubuntu-Bold.ttf"; sourceTree = "<group>"; };
/* End PBXFileReference section */

/* Begin PBXFrameworksBuildPhase section */
		3295276E25066BEC002D7A1A /* Frameworks */ = {
			isa = PBXFrameworksBuildPhase;
			buildActionMask = 2147483647;
			files = (
			);
			runOnlyForDeploymentPostprocessing = 0;
		};
/* End PBXFrameworksBuildPhase section */

/* Begin PBXGroup section */
		321AE17E257CECF70008D900 /* Utils */ = {
			isa = PBXGroup;
			children = (
				3295278C2507B083002D7A1A /* ImageLoader.swift */,
				32F0716C2570637800B4E913 /* Extensions.swift */,
				321AE12C257B1AFE0008D900 /* Fetch.swift */,
			);
			path = Utils;
			sourceTree = "<group>";
		};
		321AE17F257CED460008D900 /* CreateProject */ = {
			isa = PBXGroup;
			children = (
				325EC3DA250AE9A600D86FA6 /* NewProjectView.swift */,
				32F07169256BA4E600B4E913 /* NewProjectForm.swift */,
			);
			path = CreateProject;
			sourceTree = "<group>";
		};
		321AE1A125818C8D0008D900 /* ViewModifiers */ = {
			isa = PBXGroup;
			children = (
				321AE19E2580D5BA0008D900 /* AcitvityCardModifier.swift */,
				321AE1A225818CC90008D900 /* ButtonModifier.swift */,
			);
			path = ViewModifiers;
			sourceTree = "<group>";
		};
		325EC3DC250DA78000D86FA6 /* Fonts */ = {
			isa = PBXGroup;
			children = (
				32F071752573413300B4E913 /* Grandstander-Bold.ttf */,
				325EC3E52510E02100D86FA6 /* Ubuntu-Light.ttf */,
				32F34E7725747B4100F6CECE /* Ubuntu-Bold.ttf */,
				325EC3DD250DAAB600D86FA6 /* ShadowsIntoLight.ttf */,
			);
			path = Fonts;
			sourceTree = "<group>";
		};
		325EC3EB2510E44B00D86FA6 /* ViewPreviews */ = {
			isa = PBXGroup;
			children = (
				325EC3E92510E3C700D86FA6 /* PreviewNewsFeed.swift */,
			);
			path = ViewPreviews;
			sourceTree = "<group>";
		};
		325EC3ED2510E47300D86FA6 /* ActivityViews */ = {
			isa = PBXGroup;
			children = (
				3295278E2507B37C002D7A1A /* ActivityView.swift */,
				329527902508456A002D7A1A /* ActivityCard.swift */,
				321AE17B257CEC490008D900 /* LastChanceActivity.swift */,
				321AE174257CEBAE0008D900 /* MilestoneActivity.swift */,
				321AE171257CEB480008D900 /* NewProjectActivity.swift */,
				321AE178257CEC270008D900 /* ProgressUpdateActivity.swift */,
			);
			path = ActivityViews;
			sourceTree = "<group>";
		};
		325EC3EE2510E49500D86FA6 /* HomeViews */ = {
			isa = PBXGroup;
			children = (
				325EC3E72510E32F00D86FA6 /* LoadingView.swift */,
				3295277825066BEC002D7A1A /* ContentView.swift */,
				325EC3E1250F7E9A00D86FA6 /* LogIn.swift */,
				32F071632561EF6000B4E913 /* SignUpForm.swift */,
				325EC3DF250F7B0D00D86FA6 /* AuthenticatedView.swift */,
			);
			path = HomeViews;
			sourceTree = "<group>";
		};
		325EC3EF2510E4CD00D86FA6 /* CodableModels */ = {
			isa = PBXGroup;
			children = (
				3295278A2507964D002D7A1A /* CodableModels.swift */,
			);
			path = CodableModels;
			sourceTree = "<group>";
		};
		325EC3F02510E52C00D86FA6 /* ProjectDetailViews */ = {
			isa = PBXGroup;
			children = (
				32F0714B2557CD4600B4E913 /* ProjectDetail.swift */,
				32F071572560B56600B4E913 /* FirstDetailCard.swift */,
				32F0715A2560B57600B4E913 /* DetailCard.swift */,
				32F071512560AD0300B4E913 /* DetailHeader.swift */,
				32F071542560AD2200B4E913 /* DetailAnalytics.swift */,
				32F0714E255F47D400B4E913 /* project-detail.json */,
			);
			path = ProjectDetailViews;
			sourceTree = "<group>";
		};
		3295276825066BEC002D7A1A = {
			isa = PBXGroup;
			children = (
				3295277325066BEC002D7A1A /* crelo */,
				3295277225066BEC002D7A1A /* Products */,
			);
			sourceTree = "<group>";
		};
		3295277225066BEC002D7A1A /* Products */ = {
			isa = PBXGroup;
			children = (
				3295277125066BEC002D7A1A /* crelo.app */,
			);
			name = Products;
			sourceTree = "<group>";
		};
		3295277325066BEC002D7A1A /* crelo */ = {
			isa = PBXGroup;
			children = (
				325EC3EE2510E49500D86FA6 /* HomeViews */,
				325EC3F02510E52C00D86FA6 /* ProjectDetailViews */,
				32F0715D2560BEE900B4E913 /* PledgeViews */,
				325EC3ED2510E47300D86FA6 /* ActivityViews */,
				32ACEAB625849EB10076AB6E /* AccountViews */,
				32F07167256B86B100B4E913 /* CategoryView */,
				321AE17F257CED460008D900 /* CreateProject */,
				321AE1A125818C8D0008D900 /* ViewModifiers */,
				325EC3EF2510E4CD00D86FA6 /* CodableModels */,
				321AE17E257CECF70008D900 /* Utils */,
				325EC3E3251030B400D86FA6 /* EnvironmentObjects.swift */,
				3295277425066BEC002D7A1A /* AppDelegate.swift */,
				3295277625066BEC002D7A1A /* SceneDelegate.swift */,
				3295277A25066BF2002D7A1A /* Assets.xcassets */,
				3295277F25066BF2002D7A1A /* LaunchScreen.storyboard */,
				3295278225066BF2002D7A1A /* Info.plist */,
				325EC3EB2510E44B00D86FA6 /* ViewPreviews */,
				325EC3DC250DA78000D86FA6 /* Fonts */,
				3295277C25066BF2002D7A1A /* Preview Content */,
			);
			path = crelo;
			sourceTree = "<group>";
		};
		3295277C25066BF2002D7A1A /* Preview Content */ = {
			isa = PBXGroup;
			children = (
				3295277D25066BF2002D7A1A /* Preview Assets.xcassets */,
			);
			path = "Preview Content";
			sourceTree = "<group>";
		};
		32ACEAB625849EB10076AB6E /* AccountViews */ = {
			isa = PBXGroup;
			children = (
				32ACEAB725849EE20076AB6E /* AccountContainerView.swift */,
				32ACEABB2585A6730076AB6E /* ProfileView.swift */,
				32ACEABF2586F3790076AB6E /* MyProjectsView.swift */,
				32ACEAC22586F4C00076AB6E /* ProjectCard.swift */,
			);
			path = AccountViews;
			sourceTree = "<group>";
		};
		32F0715D2560BEE900B4E913 /* PledgeViews */ = {
			isa = PBXGroup;
			children = (
				321AE180257CEE830008D900 /* PledgeForm.swift */,
				32F0715E2560BF0A00B4E913 /* PledgeCard.swift */,
			);
			path = PledgeViews;
			sourceTree = "<group>";
		};
		32F07167256B86B100B4E913 /* CategoryView */ = {
			isa = PBXGroup;
			children = (
				32ACEAC6258ACEB00076AB6E /* BrowseCategories.swift */,
				32ACEAC9258C14D70076AB6E /* CategoryProjectCard.swift */,
			);
			path = CategoryView;
			sourceTree = "<group>";
		};
/* End PBXGroup section */

/* Begin PBXNativeTarget section */
		3295277025066BEC002D7A1A /* crelo */ = {
			isa = PBXNativeTarget;
			buildConfigurationList = 3295278525066BF2002D7A1A /* Build configuration list for PBXNativeTarget "crelo" */;
			buildPhases = (
				3295276D25066BEC002D7A1A /* Sources */,
				3295276E25066BEC002D7A1A /* Frameworks */,
				3295276F25066BEC002D7A1A /* Resources */,
			);
			buildRules = (
			);
			dependencies = (
			);
			name = crelo;
			productName = crelo;
			productReference = 3295277125066BEC002D7A1A /* crelo.app */;
			productType = "com.apple.product-type.application";
		};
/* End PBXNativeTarget section */

/* Begin PBXProject section */
		3295276925066BEC002D7A1A /* Project object */ = {
			isa = PBXProject;
			attributes = {
				LastSwiftUpdateCheck = 1120;
				LastUpgradeCheck = 1120;
				ORGANIZATIONNAME = "michelle gleed";
				TargetAttributes = {
					3295277025066BEC002D7A1A = {
						CreatedOnToolsVersion = 11.2.1;
					};
				};
			};
			buildConfigurationList = 3295276C25066BEC002D7A1A /* Build configuration list for PBXProject "crelo" */;
			compatibilityVersion = "Xcode 9.3";
			developmentRegion = en;
			hasScannedForEncodings = 0;
			knownRegions = (
				en,
				Base,
			);
			mainGroup = 3295276825066BEC002D7A1A;
			productRefGroup = 3295277225066BEC002D7A1A /* Products */;
			projectDirPath = "";
			projectRoot = "";
			targets = (
				3295277025066BEC002D7A1A /* crelo */,
			);
		};
/* End PBXProject section */

/* Begin PBXResourcesBuildPhase section */
		3295276F25066BEC002D7A1A /* Resources */ = {
			isa = PBXResourcesBuildPhase;
			buildActionMask = 2147483647;
			files = (
				32F0714F255F47D400B4E913 /* project-detail.json in Resources */,
				3295278125066BF2002D7A1A /* LaunchScreen.storyboard in Resources */,
				32F071762573413400B4E913 /* Grandstander-Bold.ttf in Resources */,
				3295277E25066BF2002D7A1A /* Preview Assets.xcassets in Resources */,
				32F34E7825747B4100F6CECE /* Ubuntu-Bold.ttf in Resources */,
				325EC3E62510E02100D86FA6 /* Ubuntu-Light.ttf in Resources */,
				3295277B25066BF2002D7A1A /* Assets.xcassets in Resources */,
				325EC3DE250DAAB600D86FA6 /* ShadowsIntoLight.ttf in Resources */,
			);
			runOnlyForDeploymentPostprocessing = 0;
		};
/* End PBXResourcesBuildPhase section */

/* Begin PBXSourcesBuildPhase section */
		3295276D25066BEC002D7A1A /* Sources */ = {
			isa = PBXSourcesBuildPhase;
			buildActionMask = 2147483647;
			files = (
				321AE12D257B1AFE0008D900 /* Fetch.swift in Sources */,
				32ACEAC32586F4C00076AB6E /* ProjectCard.swift in Sources */,
				321AE179257CEC270008D900 /* ProgressUpdateActivity.swift in Sources */,
				321AE1A325818CC90008D900 /* ButtonModifier.swift in Sources */,
				321AE17C257CEC490008D900 /* LastChanceActivity.swift in Sources */,
				3295278B2507964D002D7A1A /* CodableModels.swift in Sources */,
				3295277525066BEC002D7A1A /* AppDelegate.swift in Sources */,
				3295278D2507B083002D7A1A /* ImageLoader.swift in Sources */,
				325EC3DB250AE9A600D86FA6 /* NewProjectView.swift in Sources */,
				325EC3E0250F7B0D00D86FA6 /* AuthenticatedView.swift in Sources */,
				32F071642561EF6100B4E913 /* SignUpForm.swift in Sources */,
				325EC3E82510E32F00D86FA6 /* LoadingView.swift in Sources */,
				325EC3E4251030B400D86FA6 /* EnvironmentObjects.swift in Sources */,
				325EC3E2250F7E9A00D86FA6 /* LogIn.swift in Sources */,
				32F0716D2570637800B4E913 /* Extensions.swift in Sources */,
				32F0716A256BA4E700B4E913 /* NewProjectForm.swift in Sources */,
				3295277725066BEC002D7A1A /* SceneDelegate.swift in Sources */,
				321AE181257CEE830008D900 /* PledgeForm.swift in Sources */,
				32ACEAB825849EE20076AB6E /* AccountContainerView.swift in Sources */,
				32F0715F2560BF0A00B4E913 /* PledgeCard.swift in Sources */,
				32F071582560B56600B4E913 /* FirstDetailCard.swift in Sources */,
				321AE172257CEB480008D900 /* NewProjectActivity.swift in Sources */,
				325EC3EA2510E3C700D86FA6 /* PreviewNewsFeed.swift in Sources */,
				32F0714C2557CD4600B4E913 /* ProjectDetail.swift in Sources */,
				321AE175257CEBAE0008D900 /* MilestoneActivity.swift in Sources */,
				32ACEABC2585A6730076AB6E /* ProfileView.swift in Sources */,
				321AE19F2580D5BA0008D900 /* AcitvityCardModifier.swift in Sources */,
				32F0715B2560B57600B4E913 /* DetailCard.swift in Sources */,
				32F071552560AD2200B4E913 /* DetailAnalytics.swift in Sources */,
				32ACEAC7258ACEB00076AB6E /* BrowseCategories.swift in Sources */,
				3295277925066BEC002D7A1A /* ContentView.swift in Sources */,
				329527912508456B002D7A1A /* ActivityCard.swift in Sources */,
				32ACEAC02586F3790076AB6E /* MyProjectsView.swift in Sources */,
				32F071522560AD0300B4E913 /* DetailHeader.swift in Sources */,
				3295278F2507B37C002D7A1A /* ActivityView.swift in Sources */,
				32ACEACA258C14D70076AB6E /* CategoryProjectCard.swift in Sources */,
			);
			runOnlyForDeploymentPostprocessing = 0;
		};
/* End PBXSourcesBuildPhase section */

/* Begin PBXVariantGroup section */
		3295277F25066BF2002D7A1A /* LaunchScreen.storyboard */ = {
			isa = PBXVariantGroup;
			children = (
				3295278025066BF2002D7A1A /* Base */,
			);
			name = LaunchScreen.storyboard;
			sourceTree = "<group>";
		};
/* End PBXVariantGroup section */

/* Begin XCBuildConfiguration section */
		3295278325066BF2002D7A1A /* Debug */ = {
			isa = XCBuildConfiguration;
			buildSettings = {
				ALWAYS_SEARCH_USER_PATHS = NO;
				CLANG_ANALYZER_NONNULL = YES;
				CLANG_ANALYZER_NUMBER_OBJECT_CONVERSION = YES_AGGRESSIVE;
				CLANG_CXX_LANGUAGE_STANDARD = "gnu++14";
				CLANG_CXX_LIBRARY = "libc++";
				CLANG_ENABLE_MODULES = YES;
				CLANG_ENABLE_OBJC_ARC = YES;
				CLANG_ENABLE_OBJC_WEAK = YES;
				CLANG_WARN_BLOCK_CAPTURE_AUTORELEASING = YES;
				CLANG_WARN_BOOL_CONVERSION = YES;
				CLANG_WARN_COMMA = YES;
				CLANG_WARN_CONSTANT_CONVERSION = YES;
				CLANG_WARN_DEPRECATED_OBJC_IMPLEMENTATIONS = YES;
				CLANG_WARN_DIRECT_OBJC_ISA_USAGE = YES_ERROR;
				CLANG_WARN_DOCUMENTATION_COMMENTS = YES;
				CLANG_WARN_EMPTY_BODY = YES;
				CLANG_WARN_ENUM_CONVERSION = YES;
				CLANG_WARN_INFINITE_RECURSION = YES;
				CLANG_WARN_INT_CONVERSION = YES;
				CLANG_WARN_NON_LITERAL_NULL_CONVERSION = YES;
				CLANG_WARN_OBJC_IMPLICIT_RETAIN_SELF = YES;
				CLANG_WARN_OBJC_LITERAL_CONVERSION = YES;
				CLANG_WARN_OBJC_ROOT_CLASS = YES_ERROR;
				CLANG_WARN_RANGE_LOOP_ANALYSIS = YES;
				CLANG_WARN_STRICT_PROTOTYPES = YES;
				CLANG_WARN_SUSPICIOUS_MOVE = YES;
				CLANG_WARN_UNGUARDED_AVAILABILITY = YES_AGGRESSIVE;
				CLANG_WARN_UNREACHABLE_CODE = YES;
				CLANG_WARN__DUPLICATE_METHOD_MATCH = YES;
				COPY_PHASE_STRIP = NO;
				DEBUG_INFORMATION_FORMAT = dwarf;
				ENABLE_STRICT_OBJC_MSGSEND = YES;
				ENABLE_TESTABILITY = YES;
				GCC_C_LANGUAGE_STANDARD = gnu11;
				GCC_DYNAMIC_NO_PIC = NO;
				GCC_NO_COMMON_BLOCKS = YES;
				GCC_OPTIMIZATION_LEVEL = 0;
				GCC_PREPROCESSOR_DEFINITIONS = (
					"DEBUG=1",
					"$(inherited)",
				);
				GCC_WARN_64_TO_32_BIT_CONVERSION = YES;
				GCC_WARN_ABOUT_RETURN_TYPE = YES_ERROR;
				GCC_WARN_UNDECLARED_SELECTOR = YES;
				GCC_WARN_UNINITIALIZED_AUTOS = YES_AGGRESSIVE;
				GCC_WARN_UNUSED_FUNCTION = YES;
				GCC_WARN_UNUSED_VARIABLE = YES;
				IPHONEOS_DEPLOYMENT_TARGET = 13.2;
				MTL_ENABLE_DEBUG_INFO = INCLUDE_SOURCE;
				MTL_FAST_MATH = YES;
				ONLY_ACTIVE_ARCH = YES;
				SDKROOT = iphoneos;
				SWIFT_ACTIVE_COMPILATION_CONDITIONS = DEBUG;
				SWIFT_OPTIMIZATION_LEVEL = "-Onone";
			};
			name = Debug;
		};
		3295278425066BF2002D7A1A /* Release */ = {
			isa = XCBuildConfiguration;
			buildSettings = {
				ALWAYS_SEARCH_USER_PATHS = NO;
				CLANG_ANALYZER_NONNULL = YES;
				CLANG_ANALYZER_NUMBER_OBJECT_CONVERSION = YES_AGGRESSIVE;
				CLANG_CXX_LANGUAGE_STANDARD = "gnu++14";
				CLANG_CXX_LIBRARY = "libc++";
				CLANG_ENABLE_MODULES = YES;
				CLANG_ENABLE_OBJC_ARC = YES;
				CLANG_ENABLE_OBJC_WEAK = YES;
				CLANG_WARN_BLOCK_CAPTURE_AUTORELEASING = YES;
				CLANG_WARN_BOOL_CONVERSION = YES;
				CLANG_WARN_COMMA = YES;
				CLANG_WARN_CONSTANT_CONVERSION = YES;
				CLANG_WARN_DEPRECATED_OBJC_IMPLEMENTATIONS = YES;
				CLANG_WARN_DIRECT_OBJC_ISA_USAGE = YES_ERROR;
				CLANG_WARN_DOCUMENTATION_COMMENTS = YES;
				CLANG_WARN_EMPTY_BODY = YES;
				CLANG_WARN_ENUM_CONVERSION = YES;
				CLANG_WARN_INFINITE_RECURSION = YES;
				CLANG_WARN_INT_CONVERSION = YES;
				CLANG_WARN_NON_LITERAL_NULL_CONVERSION = YES;
				CLANG_WARN_OBJC_IMPLICIT_RETAIN_SELF = YES;
				CLANG_WARN_OBJC_LITERAL_CONVERSION = YES;
				CLANG_WARN_OBJC_ROOT_CLASS = YES_ERROR;
				CLANG_WARN_RANGE_LOOP_ANALYSIS = YES;
				CLANG_WARN_STRICT_PROTOTYPES = YES;
				CLANG_WARN_SUSPICIOUS_MOVE = YES;
				CLANG_WARN_UNGUARDED_AVAILABILITY = YES_AGGRESSIVE;
				CLANG_WARN_UNREACHABLE_CODE = YES;
				CLANG_WARN__DUPLICATE_METHOD_MATCH = YES;
				COPY_PHASE_STRIP = NO;
				DEBUG_INFORMATION_FORMAT = "dwarf-with-dsym";
				ENABLE_NS_ASSERTIONS = NO;
				ENABLE_STRICT_OBJC_MSGSEND = YES;
				GCC_C_LANGUAGE_STANDARD = gnu11;
				GCC_NO_COMMON_BLOCKS = YES;
				GCC_WARN_64_TO_32_BIT_CONVERSION = YES;
				GCC_WARN_ABOUT_RETURN_TYPE = YES_ERROR;
				GCC_WARN_UNDECLARED_SELECTOR = YES;
				GCC_WARN_UNINITIALIZED_AUTOS = YES_AGGRESSIVE;
				GCC_WARN_UNUSED_FUNCTION = YES;
				GCC_WARN_UNUSED_VARIABLE = YES;
				IPHONEOS_DEPLOYMENT_TARGET = 13.2;
				MTL_ENABLE_DEBUG_INFO = NO;
				MTL_FAST_MATH = YES;
				SDKROOT = iphoneos;
				SWIFT_COMPILATION_MODE = wholemodule;
				SWIFT_OPTIMIZATION_LEVEL = "-O";
				VALIDATE_PRODUCT = YES;
			};
			name = Release;
		};
		3295278625066BF2002D7A1A /* Debug */ = {
			isa = XCBuildConfiguration;
			buildSettings = {
				ASSETCATALOG_COMPILER_APPICON_NAME = AppIcon;
				CODE_SIGN_STYLE = Automatic;
				DEVELOPMENT_ASSET_PATHS = "\"crelo/Preview Content\"";
				DEVELOPMENT_TEAM = 87Z368AHBL;
				ENABLE_PREVIEWS = YES;
				INFOPLIST_FILE = crelo/Info.plist;
				LD_RUNPATH_SEARCH_PATHS = (
					"$(inherited)",
					"@executable_path/Frameworks",
				);
				PRODUCT_BUNDLE_IDENTIFIER = com.etcha.crelo;
				PRODUCT_NAME = "$(TARGET_NAME)";
				SWIFT_VERSION = 5.0;
				TARGETED_DEVICE_FAMILY = "1,2";
			};
			name = Debug;
		};
		3295278725066BF2002D7A1A /* Release */ = {
			isa = XCBuildConfiguration;
			buildSettings = {
				ASSETCATALOG_COMPILER_APPICON_NAME = AppIcon;
				CODE_SIGN_STYLE = Automatic;
				DEVELOPMENT_ASSET_PATHS = "\"crelo/Preview Content\"";
				DEVELOPMENT_TEAM = 87Z368AHBL;
				ENABLE_PREVIEWS = YES;
				INFOPLIST_FILE = crelo/Info.plist;
				LD_RUNPATH_SEARCH_PATHS = (
					"$(inherited)",
					"@executable_path/Frameworks",
				);
				PRODUCT_BUNDLE_IDENTIFIER = com.etcha.crelo;
				PRODUCT_NAME = "$(TARGET_NAME)";
				SWIFT_VERSION = 5.0;
				TARGETED_DEVICE_FAMILY = "1,2";
			};
			name = Release;
		};
/* End XCBuildConfiguration section */

/* Begin XCConfigurationList section */
		3295276C25066BEC002D7A1A /* Build configuration list for PBXProject "crelo" */ = {
			isa = XCConfigurationList;
			buildConfigurations = (
				3295278325066BF2002D7A1A /* Debug */,
				3295278425066BF2002D7A1A /* Release */,
			);
			defaultConfigurationIsVisible = 0;
			defaultConfigurationName = Release;
		};
		3295278525066BF2002D7A1A /* Build configuration list for PBXNativeTarget "crelo" */ = {
			isa = XCConfigurationList;
			buildConfigurations = (
				3295278625066BF2002D7A1A /* Debug */,
				3295278725066BF2002D7A1A /* Release */,
			);
			defaultConfigurationIsVisible = 0;
			defaultConfigurationName = Release;
		};
/* End XCConfigurationList section */
	};
	rootObject = 3295276925066BEC002D7A1A /* Project object */;
}
